
Microsoft Visual Studio Solution File, Format Version 12.00
# Visual Studio 15
VisualStudioVersion = 15.0.28010.2016
MinimumVisualStudioVersion = 10.0.40219.1
Project("{FAE04EC0-301F-11D3-BF4B-00C04F79EFBC}") = "WeatherReport.Android", "WeatherReport\WeatherReport.Android\WeatherReport.Android.csproj", "{9BBE503E-2926-4751-A663-29591C052E07}"
EndProject
Project("{FAE04EC0-301F-11D3-BF4B-00C04F79EFBC}") = "WeatherReport.iOS", "WeatherReport\WeatherReport.iOS\WeatherReport.iOS.csproj", "{A1CD0332-BDF4-4828-B26E-D830DBE9F3DB}"
EndProject
Project("{FAE04EC0-301F-11D3-BF4B-00C04F79EFBC}") = "WeatherReport.UWP", "WeatherReport\WeatherReport.UWP\WeatherReport.UWP.csproj", "{108514C0-3BE7-4A9A-89FB-813CC40B17BE}"
EndProject
Project("{FAE04EC0-301F-11D3-BF4B-00C04F79EFBC}") = "WeatherReport", "WeatherReport\WeatherReport\WeatherReport.csproj", "{30676A80-D5E2-4C5C-AEDA-3DBA1C6DA89A}"
EndProject
Global
	GlobalSection(SolutionConfigurationPlatforms) = preSolution
		Ad-Hoc|Any CPU = Ad-Hoc|Any CPU
		Ad-Hoc|ARM = Ad-Hoc|ARM
		Ad-Hoc|iPhone = Ad-Hoc|iPhone
		Ad-Hoc|iPhoneSimulator = Ad-Hoc|iPhoneSimulator
		Ad-Hoc|x64 = Ad-Hoc|x64
		Ad-Hoc|x86 = Ad-Hoc|x86
		AppStore|Any CPU = AppStore|Any CPU
		AppStore|ARM = AppStore|ARM
		AppStore|iPhone = AppStore|iPhone
		AppStore|iPhoneSimulator = AppStore|iPhoneSimulator
		AppStore|x64 = AppStore|x64
		AppStore|x86 = AppStore|x86
		Debug|Any CPU = Debug|Any CPU
		Debug|ARM = Debug|ARM
		Debug|iPhone = Debug|iPhone
		Debug|iPhoneSimulator = Debug|iPhoneSimulator
		Debug|x64 = Debug|x64
		Debug|x86 = Debug|x86
		Release|Any CPU = Release|Any CPU
		Release|ARM = Release|ARM
		Release|iPhone = Release|iPhone
		Release|iPhoneSimulator = Release|iPhoneSimulator
		Release|x64 = Release|x64
		Release|x86 = Release|x86
	EndGlobalSection
	GlobalSection(ProjectConfigurationPlatforms) = postSolution
		{9BBE503E-2926-4751-A663-29591C052E07}.Ad-Hoc|Any CPU.ActiveCfg = Release|Any CPU
		{9BBE503E-2926-4751-A663-29591C052E07}.Ad-Hoc|Any CPU.Build.0 = Release|Any CPU
		{9BBE503E-2926-4751-A663-29591C052E07}.Ad-Hoc|Any CPU.Deploy.0 = Release|Any CPU
		{9BBE503E-2926-4751-A663-29591C052E07}.Ad-Hoc|ARM.ActiveCfg = Release|Any CPU
		{9BBE503E-2926-4751-A663-29591C052E07}.Ad-Hoc|ARM.Build.0 = Release|Any CPU
		{9BBE503E-2926-4751-A663-29591C052E07}.Ad-Hoc|ARM.Deploy.0 = Release|Any CPU
		{9BBE503E-2926-4751-A663-29591C052E07}.Ad-Hoc|iPhone.ActiveCfg = Release|Any CPU
		{9BBE503E-2926-4751-A663-29591C052E07}.Ad-Hoc|iPhone.Build.0 = Release|Any CPU
		{9BBE503E-2926-4751-A663-29591C052E07}.Ad-Hoc|iPhone.Deploy.0 = Release|Any CPU
		{9BBE503E-2926-4751-A663-29591C052E07}.Ad-Hoc|iPhoneSimulator.ActiveCfg = Release|Any CPU
		{9BBE503E-2926-4751-A663-29591C052E07}.Ad-Hoc|iPhoneSimulator.Build.0 = Release|Any CPU
		{9BBE503E-2926-4751-A663-29591C052E07}.Ad-Hoc|iPhoneSimulator.Deploy.0 = Release|Any CPU
		{9BBE503E-2926-4751-A663-29591C052E07}.Ad-Hoc|x64.ActiveCfg = Release|Any CPU
		{9BBE503E-2926-4751-A663-29591C052E07}.Ad-Hoc|x64.Build.0 = Release|Any CPU
		{9BBE503E-2926-4751-A663-29591C052E07}.Ad-Hoc|x64.Deploy.0 = Release|Any CPU
		{9BBE503E-2926-4751-A663-29591C052E07}.Ad-Hoc|x86.ActiveCfg = Release|Any CPU
		{9BBE503E-2926-4751-A663-29591C052E07}.Ad-Hoc|x86.Build.0 = Release|Any CPU
		{9BBE503E-2926-4751-A663-29591C052E07}.Ad-Hoc|x86.Deploy.0 = Release|Any CPU
		{9BBE503E-2926-4751-A663-29591C052E07}.AppStore|Any CPU.ActiveCfg = Release|Any CPU
		{9BBE503E-2926-4751-A663-29591C052E07}.AppStore|Any CPU.Build.0 = Release|Any CPU
		{9BBE503E-2926-4751-A663-29591C052E07}.AppStore|Any CPU.Deploy.0 = Release|Any CPU
		{9BBE503E-2926-4751-A663-29591C052E07}.AppStore|ARM.ActiveCfg = Release|Any CPU
		{9BBE503E-2926-4751-A663-29591C052E07}.AppStore|ARM.Build.0 = Release|Any CPU
		{9BBE503E-2926-4751-A663-29591C052E07}.AppStore|ARM.Deploy.0 = Release|Any CPU
		{9BBE503E-2926-4751-A663-29591C052E07}.AppStore|iPhone.ActiveCfg = Release|Any CPU
		{9BBE503E-2926-4751-A663-29591C052E07}.AppStore|iPhone.Build.0 = Release|Any CPU
		{9BBE503E-2926-4751-A663-29591C052E07}.AppStore|iPhone.Deploy.0 = Release|Any CPU
		{9BBE503E-2926-4751-A663-29591C052E07}.AppStore|iPhoneSimulator.ActiveCfg = Release|Any CPU
		{9BBE503E-2926-4751-A663-29591C052E07}.AppStore|iPhoneSimulator.Build.0 = Release|Any CPU
		{9BBE503E-2926-4751-A663-29591C052E07}.AppStore|iPhoneSimulator.Deploy.0 = Release|Any CPU
		{9BBE503E-2926-4751-A663-29591C052E07}.AppStore|x64.ActiveCfg = Release|Any CPU
		{9BBE503E-2926-4751-A663-29591C052E07}.AppStore|x64.Build.0 = Release|Any CPU
		{9BBE503E-2926-4751-A663-29591C052E07}.AppStore|x64.Deploy.0 = Release|Any CPU
		{9BBE503E-2926-4751-A663-29591C052E07}.AppStore|x86.ActiveCfg = Release|Any CPU
		{9BBE503E-2926-4751-A663-29591C052E07}.AppStore|x86.Build.0 = Release|Any CPU
		{9BBE503E-2926-4751-A663-29591C052E07}.AppStore|x86.Deploy.0 = Release|Any CPU
		{9BBE503E-2926-4751-A663-29591C052E07}.Debug|Any CPU.ActiveCfg = Debug|Any CPU
		{9BBE503E-2926-4751-A663-29591C052E07}.Debug|Any CPU.Build.0 = Debug|Any CPU
		{9BBE503E-2926-4751-A663-29591C052E07}.Debug|Any CPU.Deploy.0 = Debug|Any CPU
		{9BBE503E-2926-4751-A663-29591C052E07}.Debug|ARM.ActiveCfg = Debug|Any CPU
		{9BBE503E-2926-4751-A663-29591C052E07}.Debug|ARM.Build.0 = Debug|Any CPU
		{9BBE503E-2926-4751-A663-29591C052E07}.Debug|ARM.Deploy.0 = Debug|Any CPU
		{9BBE503E-2926-4751-A663-29591C052E07}.Debug|iPhone.ActiveCfg = Debug|Any CPU
		{9BBE503E-2926-4751-A663-29591C052E07}.Debug|iPhone.Build.0 = Debug|Any CPU
		{9BBE503E-2926-4751-A663-29591C052E07}.Debug|iPhone.Deploy.0 = Debug|Any CPU
		{9BBE503E-2926-4751-A663-29591C052E07}.Debug|iPhoneSimulator.ActiveCfg = Debug|Any CPU
		{9BBE503E-2926-4751-A663-29591C052E07}.Debug|iPhoneSimulator.Build.0 = Debug|Any CPU
		{9BBE503E-2926-4751-A663-29591C052E07}.Debug|iPhoneSimulator.Deploy.0 = Debug|Any CPU
		{9BBE503E-2926-4751-A663-29591C052E07}.Debug|x64.ActiveCfg = Debug|Any CPU
		{9BBE503E-2926-4751-A663-29591C052E07}.Debug|x64.Build.0 = Debug|Any CPU
		{9BBE503E-2926-4751-A663-29591C052E07}.Debug|x64.Deploy.0 = Debug|Any CPU
		{9BBE503E-2926-4751-A663-29591C052E07}.Debug|x86.ActiveCfg = Debug|Any CPU
		{9BBE503E-2926-4751-A663-29591C052E07}.Debug|x86.Build.0 = Debug|Any CPU
		{9BBE503E-2926-4751-A663-29591C052E07}.Debug|x86.Deploy.0 = Debug|Any CPU
		{9BBE503E-2926-4751-A663-29591C052E07}.Release|Any CPU.ActiveCfg = Release|Any CPU
		{9BBE503E-2926-4751-A663-29591C052E07}.Release|Any CPU.Build.0 = Release|Any CPU
		{9BBE503E-2926-4751-A663-29591C052E07}.Release|Any CPU.Deploy.0 = Release|Any CPU
		{9BBE503E-2926-4751-A663-29591C052E07}.Release|ARM.ActiveCfg = Release|Any CPU
		{9BBE503E-2926-4751-A663-29591C052E07}.Release|ARM.Build.0 = Release|Any CPU
		{9BBE503E-2926-4751-A663-29591C052E07}.Release|ARM.Deploy.0 = Release|Any CPU
		{9BBE503E-2926-4751-A663-29591C052E07}.Release|iPhone.ActiveCfg = Release|Any CPU
		{9BBE503E-2926-4751-A663-29591C052E07}.Release|iPhone.Build.0 = Release|Any CPU
		{9BBE503E-2926-4751-A663-29591C052E07}.Release|iPhone.Deploy.0 = Release|Any CPU
		{9BBE503E-2926-4751-A663-29591C052E07}.Release|iPhoneSimulator.ActiveCfg = Release|Any CPU
		{9BBE503E-2926-4751-A663-29591C052E07}.Release|iPhoneSimulator.Build.0 = Release|Any CPU
		{9BBE503E-2926-4751-A663-29591C052E07}.Release|iPhoneSimulator.Deploy.0 = Release|Any CPU
		{9BBE503E-2926-4751-A663-29591C052E07}.Release|x64.ActiveCfg = Release|Any CPU
		{9BBE503E-2926-4751-A663-29591C052E07}.Release|x64.Build.0 = Release|Any CPU
		{9BBE503E-2926-4751-A663-29591C052E07}.Release|x64.Deploy.0 = Release|Any CPU
		{9BBE503E-2926-4751-A663-29591C052E07}.Release|x86.ActiveCfg = Release|Any CPU
		{9BBE503E-2926-4751-A663-29591C052E07}.Release|x86.Build.0 = Release|Any CPU
		{9BBE503E-2926-4751-A663-29591C052E07}.Release|x86.Deploy.0 = Release|Any CPU
		{A1CD0332-BDF4-4828-B26E-D830DBE9F3DB}.Ad-Hoc|Any CPU.ActiveCfg = Ad-Hoc|iPhone
		{A1CD0332-BDF4-4828-B26E-D830DBE9F3DB}.Ad-Hoc|Any CPU.Build.0 = Ad-Hoc|iPhone
		{A1CD0332-BDF4-4828-B26E-D830DBE9F3DB}.Ad-Hoc|Any CPU.Deploy.0 = Ad-Hoc|iPhone
		{A1CD0332-BDF4-4828-B26E-D830DBE9F3DB}.Ad-Hoc|ARM.ActiveCfg = Ad-Hoc|iPhone
		{A1CD0332-BDF4-4828-B26E-D830DBE9F3DB}.Ad-Hoc|ARM.Build.0 = Ad-Hoc|iPhone
		{A1CD0332-BDF4-4828-B26E-D830DBE9F3DB}.Ad-Hoc|ARM.Deploy.0 = Ad-Hoc|iPhone
		{A1CD0332-BDF4-4828-B26E-D830DBE9F3DB}.Ad-Hoc|iPhone.ActiveCfg = Ad-Hoc|iPhone
		{A1CD0332-BDF4-4828-B26E-D830DBE9F3DB}.Ad-Hoc|iPhone.Build.0 = Ad-Hoc|iPhone
		{A1CD0332-BDF4-4828-B26E-D830DBE9F3DB}.Ad-Hoc|iPhone.Deploy.0 = Ad-Hoc|iPhone
		{A1CD0332-BDF4-4828-B26E-D830DBE9F3DB}.Ad-Hoc|iPhoneSimulator.ActiveCfg = Ad-Hoc|iPhoneSimulator
		{A1CD0332-BDF4-4828-B26E-D830DBE9F3DB}.Ad-Hoc|iPhoneSimulator.Build.0 = Ad-Hoc|iPhoneSimulator
		{A1CD0332-BDF4-4828-B26E-D830DBE9F3DB}.Ad-Hoc|iPhoneSimulator.Deploy.0 = Ad-Hoc|iPhoneSimulator
		{A1CD0332-BDF4-4828-B26E-D830DBE9F3DB}.Ad-Hoc|x64.ActiveCfg = Ad-Hoc|iPhone
		{A1CD0332-BDF4-4828-B26E-D830DBE9F3DB}.Ad-Hoc|x64.Build.0 = Ad-Hoc|iPhone
		{A1CD0332-BDF4-4828-B26E-D830DBE9F3DB}.Ad-Hoc|x64.Deploy.0 = Ad-Hoc|iPhone
		{A1CD0332-BDF4-4828-B26E-D830DBE9F3DB}.Ad-Hoc|x86.ActiveCfg = Ad-Hoc|iPhone
		{A1CD0332-BDF4-4828-B26E-D830DBE9F3DB}.Ad-Hoc|x86.Build.0 = Ad-Hoc|iPhone
		{A1CD0332-BDF4-4828-B26E-D830DBE9F3DB}.Ad-Hoc|x86.Deploy.0 = Ad-Hoc|iPhone
		{A1CD0332-BDF4-4828-B26E-D830DBE9F3DB}.AppStore|Any CPU.ActiveCfg = AppStore|iPhone
		{A1CD0332-BDF4-4828-B26E-D830DBE9F3DB}.AppStore|Any CPU.Build.0 = AppStore|iPhone
		{A1CD0332-BDF4-4828-B26E-D830DBE9F3DB}.AppStore|Any CPU.Deploy.0 = AppStore|iPhone
		{A1CD0332-BDF4-4828-B26E-D830DBE9F3DB}.AppStore|ARM.ActiveCfg = AppStore|iPhone
		{A1CD0332-BDF4-4828-B26E-D830DBE9F3DB}.AppStore|ARM.Build.0 = AppStore|iPhone
		{A1CD0332-BDF4-4828-B26E-D830DBE9F3DB}.AppStore|ARM.Deploy.0 = AppStore|iPhone
		{A1CD0332-BDF4-4828-B26E-D830DBE9F3DB}.AppStore|iPhone.ActiveCfg = AppStore|iPhone
		{A1CD0332-BDF4-4828-B26E-D830DBE9F3DB}.AppStore|iPhone.Build.0 = AppStore|iPhone
		{A1CD0332-BDF4-4828-B26E-D830DBE9F3DB}.AppStore|iPhone.Deploy.0 = AppStore|iPhone
		{A1CD0332-BDF4-4828-B26E-D830DBE9F3DB}.AppStore|iPhoneSimulator.ActiveCfg = AppStore|iPhoneSimulator
		{A1CD0332-BDF4-4828-B26E-D830DBE9F3DB}.AppStore|iPhoneSimulator.Build.0 = AppStore|iPhoneSimulator
		{A1CD0332-BDF4-4828-B26E-D830DBE9F3DB}.AppStore|iPhoneSimulator.Deploy.0 = AppStore|iPhoneSimulator
		{A1CD0332-BDF4-4828-B26E-D830DBE9F3DB}.AppStore|x64.ActiveCfg = AppStore|iPhone
		{A1CD0332-BDF4-4828-B26E-D830DBE9F3DB}.AppStore|x64.Build.0 = AppStore|iPhone
		{A1CD0332-BDF4-4828-B26E-D830DBE9F3DB}.AppStore|x64.Deploy.0 = AppStore|iPhone
		{A1CD0332-BDF4-4828-B26E-D830DBE9F3DB}.AppStore|x86.ActiveCfg = AppStore|iPhone
		{A1CD0332-BDF4-4828-B26E-D830DBE9F3DB}.AppStore|x86.Build.0 = AppStore|iPhone
		{A1CD0332-BDF4-4828-B26E-D830DBE9F3DB}.AppStore|x86.Deploy.0 = AppStore|iPhone
		{A1CD0332-BDF4-4828-B26E-D830DBE9F3DB}.Debug|Any CPU.ActiveCfg = Debug|iPhoneSimulator
		{A1CD0332-BDF4-4828-B26E-D830DBE9F3DB}.Debug|Any CPU.Build.0 = Debug|iPhoneSimulator
		{A1CD0332-BDF4-4828-B26E-D830DBE9F3DB}.Debug|Any CPU.Deploy.0 = Debug|iPhoneSimulator
		{A1CD0332-BDF4-4828-B26E-D830DBE9F3DB}.Debug|ARM.ActiveCfg = Debug|iPhone
		{A1CD0332-BDF4-4828-B26E-D830DBE9F3DB}.Debug|ARM.Build.0 = Debug|iPhone
		{A1CD0332-BDF4-4828-B26E-D830DBE9F3DB}.Debug|ARM.Deploy.0 = Debug|iPhone
		{A1CD0332-BDF4-4828-B26E-D830DBE9F3DB}.Debug|iPhone.ActiveCfg = Debug|iPhone
		{A1CD0332-BDF4-4828-B26E-D830DBE9F3DB}.Debug|iPhone.Build.0 = Debug|iPhone
		{A1CD0332-BDF4-4828-B26E-D830DBE9F3DB}.Debug|iPhone.Deploy.0 = Debug|iPhone
		{A1CD0332-BDF4-4828-B26E-D830DBE9F3DB}.Debug|iPhoneSimulator.ActiveCfg = Debug|iPhoneSimulator
		{A1CD0332-BDF4-4828-B26E-D830DBE9F3DB}.Debug|iPhoneSimulator.Build.0 = Debug|iPhoneSimulator
		{A1CD0332-BDF4-4828-B26E-D830DBE9F3DB}.Debug|iPhoneSimulator.Deploy.0 = Debug|iPhoneSimulator
		{A1CD0332-BDF4-4828-B26E-D830DBE9F3DB}.Debug|x64.ActiveCfg = Debug|iPhone
		{A1CD0332-BDF4-4828-B26E-D830DBE9F3DB}.Debug|x64.Build.0 = Debug|iPhone
		{A1CD0332-BDF4-4828-B26E-D830DBE9F3DB}.Debug|x64.Deploy.0 = Debug|iPhone
		{A1CD0332-BDF4-4828-B26E-D830DBE9F3DB}.Debug|x86.ActiveCfg = Debug|iPhone
		{A1CD0332-BDF4-4828-B26E-D830DBE9F3DB}.Debug|x86.Build.0 = Debug|iPhone
		{A1CD0332-BDF4-4828-B26E-D830DBE9F3DB}.Debug|x86.Deploy.0 = Debug|iPhone
		{A1CD0332-BDF4-4828-B26E-D830DBE9F3DB}.Release|Any CPU.ActiveCfg = Release|iPhone
		{A1CD0332-BDF4-4828-B26E-D830DBE9F3DB}.Release|Any CPU.Build.0 = Release|iPhone
		{A1CD0332-BDF4-4828-B26E-D830DBE9F3DB}.Release|Any CPU.Deploy.0 = Release|iPhone
		{A1CD0332-BDF4-4828-B26E-D830DBE9F3DB}.Release|ARM.ActiveCfg = Release|iPhone
		{A1CD0332-BDF4-4828-B26E-D830DBE9F3DB}.Release|ARM.Build.0 = Release|iPhone
		{A1CD0332-BDF4-4828-B26E-D830DBE9F3DB}.Release|ARM.Deploy.0 = Release|iPhone
		{A1CD0332-BDF4-4828-B26E-D830DBE9F3DB}.Release|iPhone.ActiveCfg = Release|iPhone
		{A1CD0332-BDF4-4828-B26E-D830DBE9F3DB}.Release|iPhone.Build.0 = Release|iPhone
		{A1CD0332-BDF4-4828-B26E-D830DBE9F3DB}.Release|iPhone.Deploy.0 = Release|iPhone
		{A1CD0332-BDF4-4828-B26E-D830DBE9F3DB}.Release|iPhoneSimulator.ActiveCfg = Release|iPhoneSimulator
		{A1CD0332-BDF4-4828-B26E-D830DBE9F3DB}.Release|iPhoneSimulator.Build.0 = Release|iPhoneSimulator
		{A1CD0332-BDF4-4828-B26E-D830DBE9F3DB}.Release|iPhoneSimulator.Deploy.0 = Release|iPhoneSimulator
		{A1CD0332-BDF4-4828-B26E-D830DBE9F3DB}.Release|x64.ActiveCfg = Release|iPhone
		{A1CD0332-BDF4-4828-B26E-D830DBE9F3DB}.Release|x64.Build.0 = Release|iPhone
		{A1CD0332-BDF4-4828-B26E-D830DBE9F3DB}.Release|x64.Deploy.0 = Release|iPhone
		{A1CD0332-BDF4-4828-B26E-D830DBE9F3DB}.Release|x86.ActiveCfg = Release|iPhone
		{A1CD0332-BDF4-4828-B26E-D830DBE9F3DB}.Release|x86.Build.0 = Release|iPhone
		{A1CD0332-BDF4-4828-B26E-D830DBE9F3DB}.Release|x86.Deploy.0 = Release|iPhone
		{108514C0-3BE7-4A9A-89FB-813CC40B17BE}.Ad-Hoc|Any CPU.ActiveCfg = Release|x86
		{108514C0-3BE7-4A9A-89FB-813CC40B17BE}.Ad-Hoc|Any CPU.Build.0 = Release|x86
		{108514C0-3BE7-4A9A-89FB-813CC40B17BE}.Ad-Hoc|Any CPU.Deploy.0 = Release|x86
		{108514C0-3BE7-4A9A-89FB-813CC40B17BE}.Ad-Hoc|ARM.ActiveCfg = Release|ARM
		{108514C0-3BE7-4A9A-89FB-813CC40B17BE}.Ad-Hoc|ARM.Build.0 = Release|ARM
		{108514C0-3BE7-4A9A-89FB-813CC40B17BE}.Ad-Hoc|ARM.Deploy.0 = Release|ARM
		{108514C0-3BE7-4A9A-89FB-813CC40B17BE}.Ad-Hoc|iPhone.ActiveCfg = Release|x86
		{108514C0-3BE7-4A9A-89FB-813CC40B17BE}.Ad-Hoc|iPhone.Build.0 = Release|x86
		{108514C0-3BE7-4A9A-89FB-813CC40B17BE}.Ad-Hoc|iPhone.Deploy.0 = Release|x86
		{108514C0-3BE7-4A9A-89FB-813CC40B17BE}.Ad-Hoc|iPhoneSimulator.ActiveCfg = Release|x86
		{108514C0-3BE7-4A9A-89FB-813CC40B17BE}.Ad-Hoc|iPhoneSimulator.Build.0 = Release|x86
		{108514C0-3BE7-4A9A-89FB-813CC40B17BE}.Ad-Hoc|iPhoneSimulator.Deploy.0 = Release|x86
		{108514C0-3BE7-4A9A-89FB-813CC40B17BE}.Ad-Hoc|x64.ActiveCfg = Release|x64
		{108514C0-3BE7-4A9A-89FB-813CC40B17BE}.Ad-Hoc|x64.Build.0 = Release|x64
		{108514C0-3BE7-4A9A-89FB-813CC40B17BE}.Ad-Hoc|x64.Deploy.0 = Release|x64
		{108514C0-3BE7-4A9A-89FB-813CC40B17BE}.Ad-Hoc|x86.ActiveCfg = Release|x86
		{108514C0-3BE7-4A9A-89FB-813CC40B17BE}.Ad-Hoc|x86.Build.0 = Release|x86
		{108514C0-3BE7-4A9A-89FB-813CC40B17BE}.Ad-Hoc|x86.Deploy.0 = Release|x86
		{108514C0-3BE7-4A9A-89FB-813CC40B17BE}.AppStore|Any CPU.ActiveCfg = Release|x86
		{108514C0-3BE7-4A9A-89FB-813CC40B17BE}.AppStore|Any CPU.Build.0 = Release|x86
		{108514C0-3BE7-4A9A-89FB-813CC40B17BE}.AppStore|Any CPU.Deploy.0 = Release|x86
		{108514C0-3BE7-4A9A-89FB-813CC40B17BE}.AppStore|ARM.ActiveCfg = Release|ARM
		{108514C0-3BE7-4A9A-89FB-813CC40B17BE}.AppStore|ARM.Build.0 = Release|ARM
		{108514C0-3BE7-4A9A-89FB-813CC40B17BE}.AppStore|ARM.Deploy.0 = Release|ARM
		{108514C0-3BE7-4A9A-89FB-813CC40B17BE}.AppStore|iPhone.ActiveCfg = Release|x86
		{108514C0-3BE7-4A9A-89FB-813CC40B17BE}.AppStore|iPhone.Build.0 = Release|x86
		{108514C0-3BE7-4A9A-89FB-813CC40B17BE}.AppStore|iPhone.Deploy.0 = Release|x86
		{108514C0-3BE7-4A9A-89FB-813CC40B17BE}.AppStore|iPhoneSimulator.ActiveCfg = Release|x86
		{108514C0-3BE7-4A9A-89FB-813CC40B17BE}.AppStore|iPhoneSimulator.Build.0 = Release|x86
		{108514C0-3BE7-4A9A-89FB-813CC40B17BE}.AppStore|iPhoneSimulator.Deploy.0 = Release|x86
		{108514C0-3BE7-4A9A-89FB-813CC40B17BE}.AppStore|x64.ActiveCfg = Release|x64
		{108514C0-3BE7-4A9A-89FB-813CC40B17BE}.AppStore|x64.Build.0 = Release|x64
		{108514C0-3BE7-4A9A-89FB-813CC40B17BE}.AppStore|x64.Deploy.0 = Release|x64
		{108514C0-3BE7-4A9A-89FB-813CC40B17BE}.AppStore|x86.ActiveCfg = Release|x86
		{108514C0-3BE7-4A9A-89FB-813CC40B17BE}.AppStore|x86.Build.0 = Release|x86
		{108514C0-3BE7-4A9A-89FB-813CC40B17BE}.AppStore|x86.Deploy.0 = Release|x86
		{108514C0-3BE7-4A9A-89FB-813CC40B17BE}.Debug|Any CPU.ActiveCfg = Debug|x86
		{108514C0-3BE7-4A9A-89FB-813CC40B17BE}.Debug|Any CPU.Build.0 = Debug|x86
		{108514C0-3BE7-4A9A-89FB-813CC40B17BE}.Debug|Any CPU.Deploy.0 = Debug|x86
		{108514C0-3BE7-4A9A-89FB-813CC40B17BE}.Debug|ARM.ActiveCfg = Debug|ARM
		{108514C0-3BE7-4A9A-89FB-813CC40B17BE}.Debug|ARM.Build.0 = Debug|ARM
		{108514C0-3BE7-4A9A-89FB-813CC40B17BE}.Debug|ARM.Deploy.0 = Debug|ARM
		{108514C0-3BE7-4A9A-89FB-813CC40B17BE}.Debug|iPhone.ActiveCfg = Debug|x86
		{108514C0-3BE7-4A9A-89FB-813CC40B17BE}.Debug|iPhone.Build.0 = Debug|x86
		{108514C0-3BE7-4A9A-89FB-813CC40B17BE}.Debug|iPhone.Deploy.0 = Debug|x86
		{108514C0-3BE7-4A9A-89FB-813CC40B17BE}.Debug|iPhoneSimulator.ActiveCfg = Debug|x86
		{108514C0-3BE7-4A9A-89FB-813CC40B17BE}.Debug|iPhoneSimulator.Build.0 = Debug|x86
		{108514C0-3BE7-4A9A-89FB-813CC40B17BE}.Debug|iPhoneSimulator.Deploy.0 = Debug|x86
		{108514C0-3BE7-4A9A-89FB-813CC40B17BE}.Debug|x64.ActiveCfg = Debug|x64
		{108514C0-3BE7-4A9A-89FB-813CC40B17BE}.Debug|x64.Build.0 = Debug|x64
		{108514C0-3BE7-4A9A-89FB-813CC40B17BE}.Debug|x64.Deploy.0 = Debug|x64
		{108514C0-3BE7-4A9A-89FB-813CC40B17BE}.Debug|x86.ActiveCfg = Debug|x86
		{108514C0-3BE7-4A9A-89FB-813CC40B17BE}.Debug|x86.Build.0 = Debug|x86
		{108514C0-3BE7-4A9A-89FB-813CC40B17BE}.Debug|x86.Deploy.0 = Debug|x86
		{108514C0-3BE7-4A9A-89FB-813CC40B17BE}.Release|Any CPU.ActiveCfg = Release|x86
		{108514C0-3BE7-4A9A-89FB-813CC40B17BE}.Release|Any CPU.Build.0 = Release|x86
		{108514C0-3BE7-4A9A-89FB-813CC40B17BE}.Release|Any CPU.Deploy.0 = Release|x86
		{108514C0-3BE7-4A9A-89FB-813CC40B17BE}.Release|ARM.ActiveCfg = Release|ARM
		{108514C0-3BE7-4A9A-89FB-813CC40B17BE}.Release|ARM.Build.0 = Release|ARM
		{108514C0-3BE7-4A9A-89FB-813CC40B17BE}.Release|ARM.Deploy.0 = Release|ARM
		{108514C0-3BE7-4A9A-89FB-813CC40B17BE}.Release|iPhone.ActiveCfg = Release|x86
		{108514C0-3BE7-4A9A-89FB-813CC40B17BE}.Release|iPhone.Build.0 = Release|x86
		{108514C0-3BE7-4A9A-89FB-813CC40B17BE}.Release|iPhone.Deploy.0 = Release|x86
		{108514C0-3BE7-4A9A-89FB-813CC40B17BE}.Release|iPhoneSimulator.ActiveCfg = Release|x86
		{108514C0-3BE7-4A9A-89FB-813CC40B17BE}.Release|iPhoneSimulator.Build.0 = Release|x86
		{108514C0-3BE7-4A9A-89FB-813CC40B17BE}.Release|iPhoneSimulator.Deploy.0 = Release|x86
		{108514C0-3BE7-4A9A-89FB-813CC40B17BE}.Release|x64.ActiveCfg = Release|x64
		{108514C0-3BE7-4A9A-89FB-813CC40B17BE}.Release|x64.Build.0 = Release|x64
		{108514C0-3BE7-4A9A-89FB-813CC40B17BE}.Release|x64.Deploy.0 = Release|x64
		{108514C0-3BE7-4A9A-89FB-813CC40B17BE}.Release|x86.ActiveCfg = Release|x86
		{108514C0-3BE7-4A9A-89FB-813CC40B17BE}.Release|x86.Build.0 = Release|x86
		{108514C0-3BE7-4A9A-89FB-813CC40B17BE}.Release|x86.Deploy.0 = Release|x86
		{30676A80-D5E2-4C5C-AEDA-3DBA1C6DA89A}.Ad-Hoc|Any CPU.ActiveCfg = Debug|Any CPU
		{30676A80-D5E2-4C5C-AEDA-3DBA1C6DA89A}.Ad-Hoc|Any CPU.Build.0 = Debug|Any CPU
		{30676A80-D5E2-4C5C-AEDA-3DBA1C6DA89A}.Ad-Hoc|Any CPU.Deploy.0 = Debug|Any CPU
		{30676A80-D5E2-4C5C-AEDA-3DBA1C6DA89A}.Ad-Hoc|ARM.ActiveCfg = Debug|Any CPU
		{30676A80-D5E2-4C5C-AEDA-3DBA1C6DA89A}.Ad-Hoc|ARM.Build.0 = Debug|Any CPU
		{30676A80-D5E2-4C5C-AEDA-3DBA1C6DA89A}.Ad-Hoc|ARM.Deploy.0 = Debug|Any CPU
		{30676A80-D5E2-4C5C-AEDA-3DBA1C6DA89A}.Ad-Hoc|iPhone.ActiveCfg = Debug|Any CPU
		{30676A80-D5E2-4C5C-AEDA-3DBA1C6DA89A}.Ad-Hoc|iPhone.Build.0 = Debug|Any CPU
		{30676A80-D5E2-4C5C-AEDA-3DBA1C6DA89A}.Ad-Hoc|iPhone.Deploy.0 = Debug|Any CPU
		{30676A80-D5E2-4C5C-AEDA-3DBA1C6DA89A}.Ad-Hoc|iPhoneSimulator.ActiveCfg = Debug|Any CPU
		{30676A80-D5E2-4C5C-AEDA-3DBA1C6DA89A}.Ad-Hoc|iPhoneSimulator.Build.0 = Debug|Any CPU
		{30676A80-D5E2-4C5C-AEDA-3DBA1C6DA89A}.Ad-Hoc|iPhoneSimulator.Deploy.0 = Debug|Any CPU
		{30676A80-D5E2-4C5C-AEDA-3DBA1C6DA89A}.Ad-Hoc|x64.ActiveCfg = Debug|Any CPU
		{30676A80-D5E2-4C5C-AEDA-3DBA1C6DA89A}.Ad-Hoc|x64.Build.0 = Debug|Any CPU
		{30676A80-D5E2-4C5C-AEDA-3DBA1C6DA89A}.Ad-Hoc|x64.Deploy.0 = Debug|Any CPU
		{30676A80-D5E2-4C5C-AEDA-3DBA1C6DA89A}.Ad-Hoc|x86.ActiveCfg = Debug|Any CPU
		{30676A80-D5E2-4C5C-AEDA-3DBA1C6DA89A}.Ad-Hoc|x86.Build.0 = Debug|Any CPU
		{30676A80-D5E2-4C5C-AEDA-3DBA1C6DA89A}.Ad-Hoc|x86.Deploy.0 = Debug|Any CPU
		{30676A80-D5E2-4C5C-AEDA-3DBA1C6DA89A}.AppStore|Any CPU.ActiveCfg = Debug|Any CPU
		{30676A80-D5E2-4C5C-AEDA-3DBA1C6DA89A}.AppStore|Any CPU.Build.0 = Debug|Any CPU
		{30676A80-D5E2-4C5C-AEDA-3DBA1C6DA89A}.AppStore|Any CPU.Deploy.0 = Debug|Any CPU
		{30676A80-D5E2-4C5C-AEDA-3DBA1C6DA89A}.AppStore|ARM.ActiveCfg = Debug|Any CPU
		{30676A80-D5E2-4C5C-AEDA-3DBA1C6DA89A}.AppStore|ARM.Build.0 = Debug|Any CPU
		{30676A80-D5E2-4C5C-AEDA-3DBA1C6DA89A}.AppStore|ARM.Deploy.0 = Debug|Any CPU
		{30676A80-D5E2-4C5C-AEDA-3DBA1C6DA89A}.AppStore|iPhone.ActiveCfg = Debug|Any CPU
		{30676A80-D5E2-4C5C-AEDA-3DBA1C6DA89A}.AppStore|iPhone.Build.0 = Debug|Any CPU
		{30676A80-D5E2-4C5C-AEDA-3DBA1C6DA89A}.AppStore|iPhone.Deploy.0 = Debug|Any CPU
		{30676A80-D5E2-4C5C-AEDA-3DBA1C6DA89A}.AppStore|iPhoneSimulator.ActiveCfg = Debug|Any CPU
		{30676A80-D5E2-4C5C-AEDA-3DBA1C6DA89A}.AppStore|iPhoneSimulator.Build.0 = Debug|Any CPU
		{30676A80-D5E2-4C5C-AEDA-3DBA1C6DA89A}.AppStore|iPhoneSimulator.Deploy.0 = Debug|Any CPU
		{30676A80-D5E2-4C5C-AEDA-3DBA1C6DA89A}.AppStore|x64.ActiveCfg = Debug|Any CPU
		{30676A80-D5E2-4C5C-AEDA-3DBA1C6DA89A}.AppStore|x64.Build.0 = Debug|Any CPU
		{30676A80-D5E2-4C5C-AEDA-3DBA1C6DA89A}.AppStore|x64.Deploy.0 = Debug|Any CPU
		{30676A80-D5E2-4C5C-AEDA-3DBA1C6DA89A}.AppStore|x86.ActiveCfg = Debug|Any CPU
		{30676A80-D5E2-4C5C-AEDA-3DBA1C6DA89A}.AppStore|x86.Build.0 = Debug|Any CPU
		{30676A80-D5E2-4C5C-AEDA-3DBA1C6DA89A}.AppStore|x86.Deploy.0 = Debug|Any CPU
		{30676A80-D5E2-4C5C-AEDA-3DBA1C6DA89A}.Debug|Any CPU.ActiveCfg = Debug|Any CPU
		{30676A80-D5E2-4C5C-AEDA-3DBA1C6DA89A}.Debug|Any CPU.Build.0 = Debug|Any CPU
		{30676A80-D5E2-4C5C-AEDA-3DBA1C6DA89A}.Debug|Any CPU.Deploy.0 = Debug|Any CPU
		{30676A80-D5E2-4C5C-AEDA-3DBA1C6DA89A}.Debug|ARM.ActiveCfg = Debug|Any CPU
		{30676A80-D5E2-4C5C-AEDA-3DBA1C6DA89A}.Debug|ARM.Build.0 = Debug|Any CPU
		{30676A80-D5E2-4C5C-AEDA-3DBA1C6DA89A}.Debug|ARM.Deploy.0 = Debug|Any CPU
		{30676A80-D5E2-4C5C-AEDA-3DBA1C6DA89A}.Debug|iPhone.ActiveCfg = Debug|Any CPU
		{30676A80-D5E2-4C5C-AEDA-3DBA1C6DA89A}.Debug|iPhone.Build.0 = Debug|Any CPU
		{30676A80-D5E2-4C5C-AEDA-3DBA1C6DA89A}.Debug|iPhone.Deploy.0 = Debug|Any CPU
		{30676A80-D5E2-4C5C-AEDA-3DBA1C6DA89A}.Debug|iPhoneSimulator.ActiveCfg = Debug|Any CPU
		{30676A80-D5E2-4C5C-AEDA-3DBA1C6DA89A}.Debug|iPhoneSimulator.Build.0 = Debug|Any CPU
		{30676A80-D5E2-4C5C-AEDA-3DBA1C6DA89A}.Debug|iPhoneSimulator.Deploy.0 = Debug|Any CPU
		{30676A80-D5E2-4C5C-AEDA-3DBA1C6DA89A}.Debug|x64.ActiveCfg = Debug|Any CPU
		{30676A80-D5E2-4C5C-AEDA-3DBA1C6DA89A}.Debug|x64.Build.0 = Debug|Any CPU
		{30676A80-D5E2-4C5C-AEDA-3DBA1C6DA89A}.Debug|x64.Deploy.0 = Debug|Any CPU
		{30676A80-D5E2-4C5C-AEDA-3DBA1C6DA89A}.Debug|x86.ActiveCfg = Debug|Any CPU
		{30676A80-D5E2-4C5C-AEDA-3DBA1C6DA89A}.Debug|x86.Build.0 = Debug|Any CPU
		{30676A80-D5E2-4C5C-AEDA-3DBA1C6DA89A}.Debug|x86.Deploy.0 = Debug|Any CPU
		{30676A80-D5E2-4C5C-AEDA-3DBA1C6DA89A}.Release|Any CPU.ActiveCfg = Release|Any CPU
		{30676A80-D5E2-4C5C-AEDA-3DBA1C6DA89A}.Release|Any CPU.Build.0 = Release|Any CPU
		{30676A80-D5E2-4C5C-AEDA-3DBA1C6DA89A}.Release|Any CPU.Deploy.0 = Release|Any CPU
		{30676A80-D5E2-4C5C-AEDA-3DBA1C6DA89A}.Release|ARM.ActiveCfg = Release|Any CPU
		{30676A80-D5E2-4C5C-AEDA-3DBA1C6DA89A}.Release|ARM.Build.0 = Release|Any CPU
		{30676A80-D5E2-4C5C-AEDA-3DBA1C6DA89A}.Release|ARM.Deploy.0 = Release|Any CPU
		{30676A80-D5E2-4C5C-AEDA-3DBA1C6DA89A}.Release|iPhone.ActiveCfg = Release|Any CPU
		{30676A80-D5E2-4C5C-AEDA-3DBA1C6DA89A}.Release|iPhone.Build.0 = Release|Any CPU
		{30676A80-D5E2-4C5C-AEDA-3DBA1C6DA89A}.Release|iPhone.Deploy.0 = Release|Any CPU
		{30676A80-D5E2-4C5C-AEDA-3DBA1C6DA89A}.Release|iPhoneSimulator.ActiveCfg = Release|Any CPU
		{30676A80-D5E2-4C5C-AEDA-3DBA1C6DA89A}.Release|iPhoneSimulator.Build.0 = Release|Any CPU
		{30676A80-D5E2-4C5C-AEDA-3DBA1C6DA89A}.Release|iPhoneSimulator.Deploy.0 = Release|Any CPU
		{30676A80-D5E2-4C5C-AEDA-3DBA1C6DA89A}.Release|x64.ActiveCfg = Release|Any CPU
		{30676A80-D5E2-4C5C-AEDA-3DBA1C6DA89A}.Release|x64.Build.0 = Release|Any CPU
		{30676A80-D5E2-4C5C-AEDA-3DBA1C6DA89A}.Release|x64.Deploy.0 = Release|Any CPU
		{30676A80-D5E2-4C5C-AEDA-3DBA1C6DA89A}.Release|x86.ActiveCfg = Release|Any CPU
		{30676A80-D5E2-4C5C-AEDA-3DBA1C6DA89A}.Release|x86.Build.0 = Release|Any CPU
		{30676A80-D5E2-4C5C-AEDA-3DBA1C6DA89A}.Release|x86.Deploy.0 = Release|Any CPU
	EndGlobalSection
	GlobalSection(SolutionProperties) = preSolution
		HideSolutionNode = FALSE
	EndGlobalSection
	GlobalSection(ExtensibilityGlobals) = postSolution
		SolutionGuid = {5080C61E-1CB0-4771-8A7B-2BDE0486848B}
	EndGlobalSection
EndGlobal
